// !$*UTF8*$!
{
	archiveVersion = 1;
	classes = {
	};
	objectVersion = 56;
	objects = {

/* Begin PBXBuildFile section */
		3A1D90D22CCD3DCE00B22D38 /* wifi_networks.json in Resources */ = {isa = PBXBuildFile; fileRef = 3A1D90D12CCD3DCE00B22D38 /* wifi_networks.json */; };
		3A1D90D42CCD3F0900B22D38 /* WiFiCell.swift in Sources */ = {isa = PBXBuildFile; fileRef = 3A1D90D32CCD3F0900B22D38 /* WiFiCell.swift */; };
		3A1D90D72CCD46CC00B22D38 /* WiFiNetwork.swift in Sources */ = {isa = PBXBuildFile; fileRef = 3A1D90D62CCD46CC00B22D38 /* WiFiNetwork.swift */; };
		3A1D90DB2CCD4F5700B22D38 /* DeviceDetailsViewController.swift in Sources */ = {isa = PBXBuildFile; fileRef = 3A1D90DA2CCD4F5700B22D38 /* DeviceDetailsViewController.swift */; };
		3A1D90DD2CCE2BAE00B22D38 /* MagneticView.swift in Sources */ = {isa = PBXBuildFile; fileRef = 3A1D90DC2CCE2BAE00B22D38 /* MagneticView.swift */; };
		3A1D90E32CCE578700B22D38 /* DetailsCell.swift in Sources */ = {isa = PBXBuildFile; fileRef = 3A1D90E22CCE578700B22D38 /* DetailsCell.swift */; };
		3A88C4D42CCCC1B400ED9959 /* AppDelegate.swift in Sources */ = {isa = PBXBuildFile; fileRef = 3A88C4D32CCCC1B400ED9959 /* AppDelegate.swift */; };
		3A88C4D62CCCC1B400ED9959 /* SceneDelegate.swift in Sources */ = {isa = PBXBuildFile; fileRef = 3A88C4D52CCCC1B400ED9959 /* SceneDelegate.swift */; };
		3A88C4D82CCCC1B400ED9959 /* MainViewController.swift in Sources */ = {isa = PBXBuildFile; fileRef = 3A88C4D72CCCC1B400ED9959 /* MainViewController.swift */; };
		3A88C4DD2CCCC1B600ED9959 /* Assets.xcassets in Resources */ = {isa = PBXBuildFile; fileRef = 3A88C4DC2CCCC1B600ED9959 /* Assets.xcassets */; };
		3A88C4E02CCCC1B600ED9959 /* Base in Resources */ = {isa = PBXBuildFile; fileRef = 3A88C4DF2CCCC1B600ED9959 /* Base */; };
		3A88C4E82CCCC51600ED9959 /* ApplicationRouter.swift in Sources */ = {isa = PBXBuildFile; fileRef = 3A88C4E72CCCC51600ED9959 /* ApplicationRouter.swift */; };
		3A88C4EA2CCCC53700ED9959 /* MainRouter.swift in Sources */ = {isa = PBXBuildFile; fileRef = 3A88C4E92CCCC53700ED9959 /* MainRouter.swift */; };
		3A88C4EC2CCCC54E00ED9959 /* BaseRouter.swift in Sources */ = {isa = PBXBuildFile; fileRef = 3A88C4EB2CCCC54E00ED9959 /* BaseRouter.swift */; };
		3A88C4EE2CCCC57500ED9959 /* NavigationAssebly.swift in Sources */ = {isa = PBXBuildFile; fileRef = 3A88C4ED2CCCC57500ED9959 /* NavigationAssebly.swift */; };
		3A88C4F02CCCC5A500ED9959 /* BaseAssembly.swift in Sources */ = {isa = PBXBuildFile; fileRef = 3A88C4EF2CCCC5A500ED9959 /* BaseAssembly.swift */; };
		3A88C4F22CCCC5B600ED9959 /* ApplicationAssembly.swift in Sources */ = {isa = PBXBuildFile; fileRef = 3A88C4F12CCCC5B600ED9959 /* ApplicationAssembly.swift */; };
		3A88C4F62CCCCAC400ED9959 /* MagneticDetectionViewController.swift in Sources */ = {isa = PBXBuildFile; fileRef = 3A88C4F52CCCCAC400ED9959 /* MagneticDetectionViewController.swift */; };
		3A88C4F92CCCCD0900ED9959 /* ScanViewController.swift in Sources */ = {isa = PBXBuildFile; fileRef = 3A88C4F82CCCCD0900ED9959 /* ScanViewController.swift */; };
		3A88C4FB2CCCCDC500ED9959 /* InfratedDetectionViewController.swift in Sources */ = {isa = PBXBuildFile; fileRef = 3A88C4FA2CCCCDC500ED9959 /* InfratedDetectionViewController.swift */; };
		3A88C4FD2CCCCDE000ED9959 /* BluetoothDetectionViewController.swift in Sources */ = {isa = PBXBuildFile; fileRef = 3A88C4FC2CCCCDE000ED9959 /* BluetoothDetectionViewController.swift */; };
		3A88C4FF2CCCCDF400ED9959 /* AntispyTipsViewController.swift in Sources */ = {isa = PBXBuildFile; fileRef = 3A88C4FE2CCCCDF400ED9959 /* AntispyTipsViewController.swift */; };
		3A88C5012CCCCFDA00ED9959 /* SetupViewController.swift in Sources */ = {isa = PBXBuildFile; fileRef = 3A88C5002CCCCFDA00ED9959 /* SetupViewController.swift */; };
		3A88C5052CCCD81200ED9959 /* Color+extension.swift in Sources */ = {isa = PBXBuildFile; fileRef = 3A88C5042CCCD81200ED9959 /* Color+extension.swift */; };
		3A88C5072CCCE61B00ED9959 /* Constants.swift in Sources */ = {isa = PBXBuildFile; fileRef = 3A88C5062CCCE61B00ED9959 /* Constants.swift */; };
		3A88C5092CCCF48E00ED9959 /* MainCell.swift in Sources */ = {isa = PBXBuildFile; fileRef = 3A88C5082CCCF48E00ED9959 /* MainCell.swift */; };
		3A88C50B2CCD047600ED9959 /* scanAnimation.json in Resources */ = {isa = PBXBuildFile; fileRef = 3A88C50A2CCD047600ED9959 /* scanAnimation.json */; };
		3A88C50E2CCD064000ED9959 /* Lottie in Frameworks */ = {isa = PBXBuildFile; productRef = 3A88C50D2CCD064000ED9959 /* Lottie */; };
		3A88C5102CCD2A1100ED9959 /* ResultViewController.swift in Sources */ = {isa = PBXBuildFile; fileRef = 3A88C50F2CCD2A1100ED9959 /* ResultViewController.swift */; };
		3A88C5122CCD352400ED9959 /* ViewModel.swift in Sources */ = {isa = PBXBuildFile; fileRef = 3A88C5112CCD352400ED9959 /* ViewModel.swift */; };
/* End PBXBuildFile section */

/* Begin PBXFileReference section */
		3A1D90D12CCD3DCE00B22D38 /* wifi_networks.json */ = {isa = PBXFileReference; fileEncoding = 4; lastKnownFileType = text.json; path = wifi_networks.json; sourceTree = "<group>"; };
		3A1D90D32CCD3F0900B22D38 /* WiFiCell.swift */ = {isa = PBXFileReference; lastKnownFileType = sourcecode.swift; path = WiFiCell.swift; sourceTree = "<group>"; };
		3A1D90D62CCD46CC00B22D38 /* WiFiNetwork.swift */ = {isa = PBXFileReference; lastKnownFileType = sourcecode.swift; path = WiFiNetwork.swift; sourceTree = "<group>"; };
		3A1D90DA2CCD4F5700B22D38 /* DeviceDetailsViewController.swift */ = {isa = PBXFileReference; lastKnownFileType = sourcecode.swift; path = DeviceDetailsViewController.swift; sourceTree = "<group>"; };
		3A1D90DC2CCE2BAE00B22D38 /* MagneticView.swift */ = {isa = PBXFileReference; lastKnownFileType = sourcecode.swift; path = MagneticView.swift; sourceTree = "<group>"; };
		3A1D90E22CCE578700B22D38 /* DetailsCell.swift */ = {isa = PBXFileReference; lastKnownFileType = sourcecode.swift; path = DetailsCell.swift; sourceTree = "<group>"; };
		3A88C4D02CCCC1B400ED9959 /* test_lightApps.app */ = {isa = PBXFileReference; explicitFileType = wrapper.application; includeInIndex = 0; path = test_lightApps.app; sourceTree = BUILT_PRODUCTS_DIR; };
		3A88C4D32CCCC1B400ED9959 /* AppDelegate.swift */ = {isa = PBXFileReference; lastKnownFileType = sourcecode.swift; path = AppDelegate.swift; sourceTree = "<group>"; };
		3A88C4D52CCCC1B400ED9959 /* SceneDelegate.swift */ = {isa = PBXFileReference; lastKnownFileType = sourcecode.swift; path = SceneDelegate.swift; sourceTree = "<group>"; };
		3A88C4D72CCCC1B400ED9959 /* MainViewController.swift */ = {isa = PBXFileReference; lastKnownFileType = sourcecode.swift; path = MainViewController.swift; sourceTree = "<group>"; };
		3A88C4DC2CCCC1B600ED9959 /* Assets.xcassets */ = {isa = PBXFileReference; lastKnownFileType = folder.assetcatalog; path = Assets.xcassets; sourceTree = "<group>"; };
		3A88C4DF2CCCC1B600ED9959 /* Base */ = {isa = PBXFileReference; lastKnownFileType = file.storyboard; name = Base; path = Base.lproj/LaunchScreen.storyboard; sourceTree = "<group>"; };
		3A88C4E12CCCC1B600ED9959 /* Info.plist */ = {isa = PBXFileReference; lastKnownFileType = text.plist.xml; path = Info.plist; sourceTree = "<group>"; };
		3A88C4E72CCCC51600ED9959 /* ApplicationRouter.swift */ = {isa = PBXFileReference; lastKnownFileType = sourcecode.swift; path = ApplicationRouter.swift; sourceTree = "<group>"; };
		3A88C4E92CCCC53700ED9959 /* MainRouter.swift */ = {isa = PBXFileReference; lastKnownFileType = sourcecode.swift; path = MainRouter.swift; sourceTree = "<group>"; };
		3A88C4EB2CCCC54E00ED9959 /* BaseRouter.swift */ = {isa = PBXFileReference; lastKnownFileType = sourcecode.swift; path = BaseRouter.swift; sourceTree = "<group>"; };
		3A88C4ED2CCCC57500ED9959 /* NavigationAssebly.swift */ = {isa = PBXFileReference; lastKnownFileType = sourcecode.swift; path = NavigationAssebly.swift; sourceTree = "<group>"; };
		3A88C4EF2CCCC5A500ED9959 /* BaseAssembly.swift */ = {isa = PBXFileReference; lastKnownFileType = sourcecode.swift; path = BaseAssembly.swift; sourceTree = "<group>"; };
		3A88C4F12CCCC5B600ED9959 /* ApplicationAssembly.swift */ = {isa = PBXFileReference; lastKnownFileType = sourcecode.swift; path = ApplicationAssembly.swift; sourceTree = "<group>"; };
		3A88C4F52CCCCAC400ED9959 /* MagneticDetectionViewController.swift */ = {isa = PBXFileReference; lastKnownFileType = sourcecode.swift; path = MagneticDetectionViewController.swift; sourceTree = "<group>"; };
		3A88C4F82CCCCD0900ED9959 /* ScanViewController.swift */ = {isa = PBXFileReference; lastKnownFileType = sourcecode.swift; path = ScanViewController.swift; sourceTree = "<group>"; };
		3A88C4FA2CCCCDC500ED9959 /* InfratedDetectionViewController.swift */ = {isa = PBXFileReference; lastKnownFileType = sourcecode.swift; path = InfratedDetectionViewController.swift; sourceTree = "<group>"; };
		3A88C4FC2CCCCDE000ED9959 /* BluetoothDetectionViewController.swift */ = {isa = PBXFileReference; lastKnownFileType = sourcecode.swift; path = BluetoothDetectionViewController.swift; sourceTree = "<group>"; };
		3A88C4FE2CCCCDF400ED9959 /* AntispyTipsViewController.swift */ = {isa = PBXFileReference; lastKnownFileType = sourcecode.swift; path = AntispyTipsViewController.swift; sourceTree = "<group>"; };
		3A88C5002CCCCFDA00ED9959 /* SetupViewController.swift */ = {isa = PBXFileReference; lastKnownFileType = sourcecode.swift; path = SetupViewController.swift; sourceTree = "<group>"; };
		3A88C5042CCCD81200ED9959 /* Color+extension.swift */ = {isa = PBXFileReference; lastKnownFileType = sourcecode.swift; path = "Color+extension.swift"; sourceTree = "<group>"; };
		3A88C5062CCCE61B00ED9959 /* Constants.swift */ = {isa = PBXFileReference; lastKnownFileType = sourcecode.swift; path = Constants.swift; sourceTree = "<group>"; };
		3A88C5082CCCF48E00ED9959 /* MainCell.swift */ = {isa = PBXFileReference; lastKnownFileType = sourcecode.swift; path = MainCell.swift; sourceTree = "<group>"; };
		3A88C50A2CCD047600ED9959 /* scanAnimation.json */ = {isa = PBXFileReference; fileEncoding = 4; lastKnownFileType = text.json; path = scanAnimation.json; sourceTree = "<group>"; };
		3A88C50F2CCD2A1100ED9959 /* ResultViewController.swift */ = {isa = PBXFileReference; lastKnownFileType = sourcecode.swift; path = ResultViewController.swift; sourceTree = "<group>"; };
		3A88C5112CCD352400ED9959 /* ViewModel.swift */ = {isa = PBXFileReference; lastKnownFileType = sourcecode.swift; path = ViewModel.swift; sourceTree = "<group>"; };
/* End PBXFileReference section */

/* Begin PBXFrameworksBuildPhase section */
		3A88C4CD2CCCC1B400ED9959 /* Frameworks */ = {
			isa = PBXFrameworksBuildPhase;
			buildActionMask = 2147483647;
			files = (
				3A88C50E2CCD064000ED9959 /* Lottie in Frameworks */,
			);
			runOnlyForDeploymentPostprocessing = 0;
		};
/* End PBXFrameworksBuildPhase section */

/* Begin PBXGroup section */
		3A1D90D52CCD3F1000B22D38 /* Cells */ = {
			isa = PBXGroup;
			children = (
				3A88C5082CCCF48E00ED9959 /* MainCell.swift */,
				3A1D90D32CCD3F0900B22D38 /* WiFiCell.swift */,
				3A1D90E22CCE578700B22D38 /* DetailsCell.swift */,
			);
			path = Cells;
			sourceTree = "<group>";
		};
		3A1D90D82CCD46DD00B22D38 /* Model */ = {
			isa = PBXGroup;
			children = (
				3A1D90D62CCD46CC00B22D38 /* WiFiNetwork.swift */,
			);
			path = Model;
			sourceTree = "<group>";
		};
		3A1D90D92CCD46FC00B22D38 /* Helpers */ = {
			isa = PBXGroup;
			children = (
				3A88C5062CCCE61B00ED9959 /* Constants.swift */,
				3A88C5042CCCD81200ED9959 /* Color+extension.swift */,
			);
			path = Helpers;
			sourceTree = "<group>";
		};
		3A1D90DE2CCE3E4800B22D38 /* Views */ = {
			isa = PBXGroup;
			children = (
				3A1D90DC2CCE2BAE00B22D38 /* MagneticView.swift */,
			);
			path = Views;
			sourceTree = "<group>";
		};
		3A1D90E12CCE51C900B22D38 /* Unuse */ = {
			isa = PBXGroup;
			children = (
				3A88C4FE2CCCCDF400ED9959 /* AntispyTipsViewController.swift */,
				3A88C5002CCCCFDA00ED9959 /* SetupViewController.swift */,
				3A88C4FC2CCCCDE000ED9959 /* BluetoothDetectionViewController.swift */,
				3A88C4FA2CCCCDC500ED9959 /* InfratedDetectionViewController.swift */,
			);
			path = Unuse;
			sourceTree = "<group>";
		};
		3A88C4C72CCCC1B400ED9959 = {
			isa = PBXGroup;
			children = (
				3A88C4D22CCCC1B400ED9959 /* test_lightApps */,
				3A88C4D12CCCC1B400ED9959 /* Products */,
			);
			sourceTree = "<group>";
		};
		3A88C4D12CCCC1B400ED9959 /* Products */ = {
			isa = PBXGroup;
			children = (
				3A88C4D02CCCC1B400ED9959 /* test_lightApps.app */,
			);
			name = Products;
			sourceTree = "<group>";
		};
		3A88C4D22CCCC1B400ED9959 /* test_lightApps */ = {
			isa = PBXGroup;
			children = (
				3A88C4D32CCCC1B400ED9959 /* AppDelegate.swift */,
				3A88C4D52CCCC1B400ED9959 /* SceneDelegate.swift */,
				3A88C5112CCD352400ED9959 /* ViewModel.swift */,
				3A1D90D82CCD46DD00B22D38 /* Model */,
				3A88C5022CCCD61800ED9959 /* Routers */,
				3A88C5032CCCD62900ED9959 /* Assembly */,
				3A88C4F72CCCCADA00ED9959 /* Controllers */,
				3A1D90D52CCD3F1000B22D38 /* Cells */,
				3A1D90DE2CCE3E4800B22D38 /* Views */,
				3A1D90D92CCD46FC00B22D38 /* Helpers */,
				3A88C4DC2CCCC1B600ED9959 /* Assets.xcassets */,
				3A88C4E12CCCC1B600ED9959 /* Info.plist */,
				3A88C4DE2CCCC1B600ED9959 /* LaunchScreen.storyboard */,
				3A88C50A2CCD047600ED9959 /* scanAnimation.json */,
				3A1D90D12CCD3DCE00B22D38 /* wifi_networks.json */,
			);
			path = test_lightApps;
			sourceTree = "<group>";
		};
		3A88C4F72CCCCADA00ED9959 /* Controllers */ = {
			isa = PBXGroup;
			children = (
				3A88C4D72CCCC1B400ED9959 /* MainViewController.swift */,
				3A88C4F52CCCCAC400ED9959 /* MagneticDetectionViewController.swift */,
				3A88C4F82CCCCD0900ED9959 /* ScanViewController.swift */,
				3A88C50F2CCD2A1100ED9959 /* ResultViewController.swift */,
				3A1D90DA2CCD4F5700B22D38 /* DeviceDetailsViewController.swift */,
				3A1D90E12CCE51C900B22D38 /* Unuse */,
			);
			path = Controllers;
			sourceTree = "<group>";
		};
		3A88C5022CCCD61800ED9959 /* Routers */ = {
			isa = PBXGroup;
			children = (
				3A88C4EB2CCCC54E00ED9959 /* BaseRouter.swift */,
				3A88C4E72CCCC51600ED9959 /* ApplicationRouter.swift */,
				3A88C4E92CCCC53700ED9959 /* MainRouter.swift */,
			);
			path = Routers;
			sourceTree = "<group>";
		};
		3A88C5032CCCD62900ED9959 /* Assembly */ = {
			isa = PBXGroup;
			children = (
				3A88C4ED2CCCC57500ED9959 /* NavigationAssebly.swift */,
				3A88C4EF2CCCC5A500ED9959 /* BaseAssembly.swift */,
				3A88C4F12CCCC5B600ED9959 /* ApplicationAssembly.swift */,
			);
			path = Assembly;
			sourceTree = "<group>";
		};
/* End PBXGroup section */

/* Begin PBXNativeTarget section */
		3A88C4CF2CCCC1B400ED9959 /* test_lightApps */ = {
			isa = PBXNativeTarget;
			buildConfigurationList = 3A88C4E42CCCC1B600ED9959 /* Build configuration list for PBXNativeTarget "test_lightApps" */;
			buildPhases = (
				3A88C4CC2CCCC1B400ED9959 /* Sources */,
				3A88C4CD2CCCC1B400ED9959 /* Frameworks */,
				3A88C4CE2CCCC1B400ED9959 /* Resources */,
			);
			buildRules = (
			);
			dependencies = (
			);
			name = test_lightApps;
			packageProductDependencies = (
				3A88C50D2CCD064000ED9959 /* Lottie */,
			);
			productName = test_lightApps;
			productReference = 3A88C4D02CCCC1B400ED9959 /* test_lightApps.app */;
			productType = "com.apple.product-type.application";
		};
/* End PBXNativeTarget section */

/* Begin PBXProject section */
		3A88C4C82CCCC1B400ED9959 /* Project object */ = {
			isa = PBXProject;
			attributes = {
				BuildIndependentTargetsInParallel = 1;
				LastSwiftUpdateCheck = 1540;
				LastUpgradeCheck = 1540;
				TargetAttributes = {
					3A88C4CF2CCCC1B400ED9959 = {
						CreatedOnToolsVersion = 15.4;
					};
				};
			};
			buildConfigurationList = 3A88C4CB2CCCC1B400ED9959 /* Build configuration list for PBXProject "test_lightApps" */;
			compatibilityVersion = "Xcode 14.0";
			developmentRegion = en;
			hasScannedForEncodings = 0;
			knownRegions = (
				en,
				Base,
			);
			mainGroup = 3A88C4C72CCCC1B400ED9959;
			packageReferences = (
				3A88C50C2CCD064000ED9959 /* XCRemoteSwiftPackageReference "lottie-ios" */,
			);
			productRefGroup = 3A88C4D12CCCC1B400ED9959 /* Products */;
			projectDirPath = "";
			projectRoot = "";
			targets = (
				3A88C4CF2CCCC1B400ED9959 /* test_lightApps */,
			);
		};
/* End PBXProject section */

/* Begin PBXResourcesBuildPhase section */
		3A88C4CE2CCCC1B400ED9959 /* Resources */ = {
			isa = PBXResourcesBuildPhase;
			buildActionMask = 2147483647;
			files = (
				3A88C50B2CCD047600ED9959 /* scanAnimation.json in Resources */,
				3A1D90D22CCD3DCE00B22D38 /* wifi_networks.json in Resources */,
				3A88C4DD2CCCC1B600ED9959 /* Assets.xcassets in Resources */,
				3A88C4E02CCCC1B600ED9959 /* Base in Resources */,
			);
			runOnlyForDeploymentPostprocessing = 0;
		};
/* End PBXResourcesBuildPhase section */

/* Begin PBXSourcesBuildPhase section */
		3A88C4CC2CCCC1B400ED9959 /* Sources */ = {
			isa = PBXSourcesBuildPhase;
			buildActionMask = 2147483647;
			files = (
				3A88C4FF2CCCCDF400ED9959 /* AntispyTipsViewController.swift in Sources */,
				3A88C5102CCD2A1100ED9959 /* ResultViewController.swift in Sources */,
				3A88C5072CCCE61B00ED9959 /* Constants.swift in Sources */,
				3A88C4FB2CCCCDC500ED9959 /* InfratedDetectionViewController.swift in Sources */,
				3A88C4F02CCCC5A500ED9959 /* BaseAssembly.swift in Sources */,
				3A88C4EA2CCCC53700ED9959 /* MainRouter.swift in Sources */,
				3A88C5012CCCCFDA00ED9959 /* SetupViewController.swift in Sources */,
				3A1D90E32CCE578700B22D38 /* DetailsCell.swift in Sources */,
				3A88C5052CCCD81200ED9959 /* Color+extension.swift in Sources */,
				3A1D90DD2CCE2BAE00B22D38 /* MagneticView.swift in Sources */,
				3A88C4EC2CCCC54E00ED9959 /* BaseRouter.swift in Sources */,
				3A1D90D42CCD3F0900B22D38 /* WiFiCell.swift in Sources */,
				3A88C4D82CCCC1B400ED9959 /* MainViewController.swift in Sources */,
				3A88C5122CCD352400ED9959 /* ViewModel.swift in Sources */,
				3A88C5092CCCF48E00ED9959 /* MainCell.swift in Sources */,
				3A88C4D42CCCC1B400ED9959 /* AppDelegate.swift in Sources */,
				3A88C4D62CCCC1B400ED9959 /* SceneDelegate.swift in Sources */,
				3A1D90D72CCD46CC00B22D38 /* WiFiNetwork.swift in Sources */,
				3A88C4F62CCCCAC400ED9959 /* MagneticDetectionViewController.swift in Sources */,
				3A1D90DB2CCD4F5700B22D38 /* DeviceDetailsViewController.swift in Sources */,
				3A88C4E82CCCC51600ED9959 /* ApplicationRouter.swift in Sources */,
				3A88C4FD2CCCCDE000ED9959 /* BluetoothDetectionViewController.swift in Sources */,
				3A88C4F22CCCC5B600ED9959 /* ApplicationAssembly.swift in Sources */,
				3A88C4EE2CCCC57500ED9959 /* NavigationAssebly.swift in Sources */,
				3A88C4F92CCCCD0900ED9959 /* ScanViewController.swift in Sources */,
			);
			runOnlyForDeploymentPostprocessing = 0;
		};
/* End PBXSourcesBuildPhase section */

/* Begin PBXVariantGroup section */
		3A88C4DE2CCCC1B600ED9959 /* LaunchScreen.storyboard */ = {
			isa = PBXVariantGroup;
			children = (
				3A88C4DF2CCCC1B600ED9959 /* Base */,
			);
			name = LaunchScreen.storyboard;
			sourceTree = "<group>";
		};
/* End PBXVariantGroup section */

/* Begin XCBuildConfiguration section */
		3A88C4E22CCCC1B600ED9959 /* Debug */ = {
			isa = XCBuildConfiguration;
			buildSettings = {
				ALWAYS_SEARCH_USER_PATHS = NO;
				ASSETCATALOG_COMPILER_GENERATE_SWIFT_ASSET_SYMBOL_EXTENSIONS = YES;
				CLANG_ANALYZER_NONNULL = YES;
				CLANG_ANALYZER_NUMBER_OBJECT_CONVERSION = YES_AGGRESSIVE;
				CLANG_CXX_LANGUAGE_STANDARD = "gnu++20";
				CLANG_ENABLE_MODULES = YES;
				CLANG_ENABLE_OBJC_ARC = YES;
				CLANG_ENABLE_OBJC_WEAK = YES;
				CLANG_WARN_BLOCK_CAPTURE_AUTORELEASING = YES;
				CLANG_WARN_BOOL_CONVERSION = YES;
				CLANG_WARN_COMMA = YES;
				CLANG_WARN_CONSTANT_CONVERSION = YES;
				CLANG_WARN_DEPRECATED_OBJC_IMPLEMENTATIONS = YES;
				CLANG_WARN_DIRECT_OBJC_ISA_USAGE = YES_ERROR;
				CLANG_WARN_DOCUMENTATION_COMMENTS = YES;
				CLANG_WARN_EMPTY_BODY = YES;
				CLANG_WARN_ENUM_CONVERSION = YES;
				CLANG_WARN_INFINITE_RECURSION = YES;
				CLANG_WARN_INT_CONVERSION = YES;
				CLANG_WARN_NON_LITERAL_NULL_CONVERSION = YES;
				CLANG_WARN_OBJC_IMPLICIT_RETAIN_SELF = YES;
				CLANG_WARN_OBJC_LITERAL_CONVERSION = YES;
				CLANG_WARN_OBJC_ROOT_CLASS = YES_ERROR;
				CLANG_WARN_QUOTED_INCLUDE_IN_FRAMEWORK_HEADER = YES;
				CLANG_WARN_RANGE_LOOP_ANALYSIS = YES;
				CLANG_WARN_STRICT_PROTOTYPES = YES;
				CLANG_WARN_SUSPICIOUS_MOVE = YES;
				CLANG_WARN_UNGUARDED_AVAILABILITY = YES_AGGRESSIVE;
				CLANG_WARN_UNREACHABLE_CODE = YES;
				CLANG_WARN__DUPLICATE_METHOD_MATCH = YES;
				COPY_PHASE_STRIP = NO;
				DEBUG_INFORMATION_FORMAT = dwarf;
				ENABLE_STRICT_OBJC_MSGSEND = YES;
				ENABLE_TESTABILITY = YES;
				ENABLE_USER_SCRIPT_SANDBOXING = YES;
				GCC_C_LANGUAGE_STANDARD = gnu17;
				GCC_DYNAMIC_NO_PIC = NO;
				GCC_NO_COMMON_BLOCKS = YES;
				GCC_OPTIMIZATION_LEVEL = 0;
				GCC_PREPROCESSOR_DEFINITIONS = (
					"DEBUG=1",
					"$(inherited)",
				);
				GCC_WARN_64_TO_32_BIT_CONVERSION = YES;
				GCC_WARN_ABOUT_RETURN_TYPE = YES_ERROR;
				GCC_WARN_UNDECLARED_SELECTOR = YES;
				GCC_WARN_UNINITIALIZED_AUTOS = YES_AGGRESSIVE;
				GCC_WARN_UNUSED_FUNCTION = YES;
				GCC_WARN_UNUSED_VARIABLE = YES;
				IPHONEOS_DEPLOYMENT_TARGET = 16.0;
				LOCALIZATION_PREFERS_STRING_CATALOGS = YES;
				MTL_ENABLE_DEBUG_INFO = INCLUDE_SOURCE;
				MTL_FAST_MATH = YES;
				ONLY_ACTIVE_ARCH = YES;
				SDKROOT = iphoneos;
				SWIFT_ACTIVE_COMPILATION_CONDITIONS = "DEBUG $(inherited)";
				SWIFT_OPTIMIZATION_LEVEL = "-Onone";
			};
			name = Debug;
		};
		3A88C4E32CCCC1B600ED9959 /* Release */ = {
			isa = XCBuildConfiguration;
			buildSettings = {
				ALWAYS_SEARCH_USER_PATHS = NO;
				ASSETCATALOG_COMPILER_GENERATE_SWIFT_ASSET_SYMBOL_EXTENSIONS = YES;
				CLANG_ANALYZER_NONNULL = YES;
				CLANG_ANALYZER_NUMBER_OBJECT_CONVERSION = YES_AGGRESSIVE;
				CLANG_CXX_LANGUAGE_STANDARD = "gnu++20";
				CLANG_ENABLE_MODULES = YES;
				CLANG_ENABLE_OBJC_ARC = YES;
				CLANG_ENABLE_OBJC_WEAK = YES;
				CLANG_WARN_BLOCK_CAPTURE_AUTORELEASING = YES;
				CLANG_WARN_BOOL_CONVERSION = YES;
				CLANG_WARN_COMMA = YES;
				CLANG_WARN_CONSTANT_CONVERSION = YES;
				CLANG_WARN_DEPRECATED_OBJC_IMPLEMENTATIONS = YES;
				CLANG_WARN_DIRECT_OBJC_ISA_USAGE = YES_ERROR;
				CLANG_WARN_DOCUMENTATION_COMMENTS = YES;
				CLANG_WARN_EMPTY_BODY = YES;
				CLANG_WARN_ENUM_CONVERSION = YES;
				CLANG_WARN_INFINITE_RECURSION = YES;
				CLANG_WARN_INT_CONVERSION = YES;
				CLANG_WARN_NON_LITERAL_NULL_CONVERSION = YES;
				CLANG_WARN_OBJC_IMPLICIT_RETAIN_SELF = YES;
				CLANG_WARN_OBJC_LITERAL_CONVERSION = YES;
				CLANG_WARN_OBJC_ROOT_CLASS = YES_ERROR;
				CLANG_WARN_QUOTED_INCLUDE_IN_FRAMEWORK_HEADER = YES;
				CLANG_WARN_RANGE_LOOP_ANALYSIS = YES;
				CLANG_WARN_STRICT_PROTOTYPES = YES;
				CLANG_WARN_SUSPICIOUS_MOVE = YES;
				CLANG_WARN_UNGUARDED_AVAILABILITY = YES_AGGRESSIVE;
				CLANG_WARN_UNREACHABLE_CODE = YES;
				CLANG_WARN__DUPLICATE_METHOD_MATCH = YES;
				COPY_PHASE_STRIP = NO;
				DEBUG_INFORMATION_FORMAT = "dwarf-with-dsym";
				ENABLE_NS_ASSERTIONS = NO;
				ENABLE_STRICT_OBJC_MSGSEND = YES;
				ENABLE_USER_SCRIPT_SANDBOXING = YES;
				GCC_C_LANGUAGE_STANDARD = gnu17;
				GCC_NO_COMMON_BLOCKS = YES;
				GCC_WARN_64_TO_32_BIT_CONVERSION = YES;
				GCC_WARN_ABOUT_RETURN_TYPE = YES_ERROR;
				GCC_WARN_UNDECLARED_SELECTOR = YES;
				GCC_WARN_UNINITIALIZED_AUTOS = YES_AGGRESSIVE;
				GCC_WARN_UNUSED_FUNCTION = YES;
				GCC_WARN_UNUSED_VARIABLE = YES;
				IPHONEOS_DEPLOYMENT_TARGET = 16.0;
				LOCALIZATION_PREFERS_STRING_CATALOGS = YES;
				MTL_ENABLE_DEBUG_INFO = NO;
				MTL_FAST_MATH = YES;
				SDKROOT = iphoneos;
				SWIFT_COMPILATION_MODE = wholemodule;
				VALIDATE_PRODUCT = YES;
			};
			name = Release;
		};
		3A88C4E52CCCC1B600ED9959 /* Debug */ = {
			isa = XCBuildConfiguration;
			buildSettings = {
				ASSETCATALOG_COMPILER_APPICON_NAME = AppIcon;
				ASSETCATALOG_COMPILER_GLOBAL_ACCENT_COLOR_NAME = AccentColor;
				CODE_SIGN_STYLE = Automatic;
				CURRENT_PROJECT_VERSION = 1;
				DEVELOPMENT_TEAM = N2LF8DTSP7;
				GENERATE_INFOPLIST_FILE = YES;
				INFOPLIST_FILE = test_lightApps/Info.plist;
				INFOPLIST_KEY_UIApplicationSupportsIndirectInputEvents = YES;
				INFOPLIST_KEY_UILaunchStoryboardName = LaunchScreen;
				INFOPLIST_KEY_UIMainStoryboardFile = "";
				INFOPLIST_KEY_UISupportedInterfaceOrientations = UIInterfaceOrientationPortrait;
				LD_RUNPATH_SEARCH_PATHS = (
					"$(inherited)",
					"@executable_path/Frameworks",
				);
				MARKETING_VERSION = 1.0;
				PRODUCT_BUNDLE_IDENTIFIER = "test-lightApps.test-lightApps";
				PRODUCT_NAME = "$(TARGET_NAME)";
				SWIFT_EMIT_LOC_STRINGS = YES;
				SWIFT_VERSION = 5.0;
				TARGETED_DEVICE_FAMILY = "1,2";
			};
			name = Debug;
		};
		3A88C4E62CCCC1B600ED9959 /* Release */ = {
			isa = XCBuildConfiguration;
			buildSettings = {
				ASSETCATALOG_COMPILER_APPICON_NAME = AppIcon;
				ASSETCATALOG_COMPILER_GLOBAL_ACCENT_COLOR_NAME = AccentColor;
				CODE_SIGN_STYLE = Automatic;
				CURRENT_PROJECT_VERSION = 1;
				DEVELOPMENT_TEAM = N2LF8DTSP7;
				GENERATE_INFOPLIST_FILE = YES;
				INFOPLIST_FILE = test_lightApps/Info.plist;
				INFOPLIST_KEY_UIApplicationSupportsIndirectInputEvents = YES;
				INFOPLIST_KEY_UILaunchStoryboardName = LaunchScreen;
				INFOPLIST_KEY_UIMainStoryboardFile = "";
				INFOPLIST_KEY_UISupportedInterfaceOrientations = UIInterfaceOrientationPortrait;
				LD_RUNPATH_SEARCH_PATHS = (
					"$(inherited)",
					"@executable_path/Frameworks",
				);
				MARKETING_VERSION = 1.0;
				PRODUCT_BUNDLE_IDENTIFIER = "test-lightApps.test-lightApps";
				PRODUCT_NAME = "$(TARGET_NAME)";
				SWIFT_EMIT_LOC_STRINGS = YES;
				SWIFT_VERSION = 5.0;
				TARGETED_DEVICE_FAMILY = "1,2";
			};
			name = Release;
		};
/* End XCBuildConfiguration section */

/* Begin XCConfigurationList section */
		3A88C4CB2CCCC1B400ED9959 /* Build configuration list for PBXProject "test_lightApps" */ = {
			isa = XCConfigurationList;
			buildConfigurations = (
				3A88C4E22CCCC1B600ED9959 /* Debug */,
				3A88C4E32CCCC1B600ED9959 /* Release */,
			);
			defaultConfigurationIsVisible = 0;
			defaultConfigurationName = Release;
		};
		3A88C4E42CCCC1B600ED9959 /* Build configuration list for PBXNativeTarget "test_lightApps" */ = {
			isa = XCConfigurationList;
			buildConfigurations = (
				3A88C4E52CCCC1B600ED9959 /* Debug */,
				3A88C4E62CCCC1B600ED9959 /* Release */,
			);
			defaultConfigurationIsVisible = 0;
			defaultConfigurationName = Release;
		};
/* End XCConfigurationList section */

/* Begin XCRemoteSwiftPackageReference section */
		3A88C50C2CCD064000ED9959 /* XCRemoteSwiftPackageReference "lottie-ios" */ = {
			isa = XCRemoteSwiftPackageReference;
			repositoryURL = "https://github.com/airbnb/lottie-ios";
			requirement = {
				kind = upToNextMajorVersion;
				minimumVersion = 4.5.0;
			};
		};
/* End XCRemoteSwiftPackageReference section */

/* Begin XCSwiftPackageProductDependency section */
		3A88C50D2CCD064000ED9959 /* Lottie */ = {
			isa = XCSwiftPackageProductDependency;
			package = 3A88C50C2CCD064000ED9959 /* XCRemoteSwiftPackageReference "lottie-ios" */;
			productName = Lottie;
		};
/* End XCSwiftPackageProductDependency section */
	};
	rootObject = 3A88C4C82CCCC1B400ED9959 /* Project object */;
}
